
Microsoft Visual Studio Solution File, Format Version 12.00
# Visual Studio 14
VisualStudioVersion = 14.0.24720.0
MinimumVisualStudioVersion = 10.0.40219.1
Project("{FAE04EC0-301F-11D3-BF4B-00C04F79EFBC}") = "WU15.DesignPatterns.Adapter.Console", "WU15.DesignPatterns.Adapter.Console\WU15.DesignPatterns.Adapter.Console.csproj", "{B2051294-E7F6-4CB9-BA98-0E9FB231F206}"
EndProject
Project("{FAE04EC0-301F-11D3-BF4B-00C04F79EFBC}") = "WU15.DesignPatterns.Adapter.Core", "WU15.DesignPatterns.Adapter.Core\WU15.DesignPatterns.Adapter.Core.csproj", "{151AC16D-CD4C-426C-99D2-C155CF1613A1}"
EndProject
Project("{FAE04EC0-301F-11D3-BF4B-00C04F79EFBC}") = "WU15.DesignPatterns.Facade.Core", "WU15.DesignPatterns.Facade.Core\WU15.DesignPatterns.Facade.Core.csproj", "{0CAAFB9C-01D1-4BA5-9514-C1FFC61AC066}"
EndProject
Project("{FAE04EC0-301F-11D3-BF4B-00C04F79EFBC}") = "WU15.DesignPatterns.Facade.Console", "WU15.DesignPatterns.Facade.Console\WU15.DesignPatterns.Facade.Console.csproj", "{686E079A-D168-4B14-8BB6-D6A7080B8B0F}"
EndProject
Project("{FAE04EC0-301F-11D3-BF4B-00C04F79EFBC}") = "WU15.DesignPatterns.FactoryMethod.Console", "WU15.DesignPatterns.FactoryMethod.Console\WU15.DesignPatterns.FactoryMethod.Console.csproj", "{06B4943A-14E9-4CFB-9186-01AD83B0ABDE}"
EndProject
Project("{FAE04EC0-301F-11D3-BF4B-00C04F79EFBC}") = "WU15.DesignPatterns.FactoryMethod.Core", "WU15.DesignPatterns.FactoryMethod.Core\WU15.DesignPatterns.FactoryMethod.Core.csproj", "{0EA3B119-2C9A-489B-BB49-E8906412AFED}"
EndProject
Project("{FAE04EC0-301F-11D3-BF4B-00C04F79EFBC}") = "WU15.DesignPatterns.Singelton.Console", "WU15.DesignPatterns.Singelton.Console\WU15.DesignPatterns.Singelton.Console.csproj", "{89761AAF-37C0-4DE8-9BA8-B3659280DDDB}"
EndProject
Project("{FAE04EC0-301F-11D3-BF4B-00C04F79EFBC}") = "WU15.DesignPatterns.Singelton.Core", "WU15.DesignPatterns.Singelton.Core\WU15.DesignPatterns.Singelton.Core.csproj", "{FB30ED1E-2747-4C01-B908-0EE709F54903}"
EndProject
Project("{FAE04EC0-301F-11D3-BF4B-00C04F79EFBC}") = "WU15.DesignPatterns.ViewModel.Web", "WU15.DesignPatterns.ViewModel.Web\WU15.DesignPatterns.ViewModel.Web.csproj", "{04826DCC-A211-4864-ACAD-0027DD6F1454}"
EndProject
Project("{FAE04EC0-301F-11D3-BF4B-00C04F79EFBC}") = "WU15.DesignPatterns.ViewModel.Core", "WU15.DesignPatterns.ViewModel.Core\WU15.DesignPatterns.ViewModel.Core.csproj", "{FBFE82F6-ABF0-4F34-B554-382D529A66FD}"
EndProject
Project("{FAE04EC0-301F-11D3-BF4B-00C04F79EFBC}") = "WU15.DesignPatterns.Repository.Console", "WU15.DesignPatterns.Repository.Console\WU15.DesignPatterns.Repository.Console.csproj", "{3520DF8B-3C10-4804-8CB7-DE784A4EEA61}"
EndProject
Project("{FAE04EC0-301F-11D3-BF4B-00C04F79EFBC}") = "WU15.DesignPatterns.Repository.Core", "WU15.DesignPatterns.Repository.Core\WU15.DesignPatterns.Repository.Core.csproj", "{CB33E6B3-1E20-49A5-A5AF-C185E371C2B2}"
EndProject
Project("{FAE04EC0-301F-11D3-BF4B-00C04F79EFBC}") = "WU15.DesignPatterns.GenericRepository.Console", "WU15.DesignPatterns.GenericRepository.Console\WU15.DesignPatterns.GenericRepository.Console.csproj", "{A17B31D6-1B22-4830-9BC2-1C5753A48F0D}"
EndProject
Project("{FAE04EC0-301F-11D3-BF4B-00C04F79EFBC}") = "WU15.DesignPatterns.GenericRepository.Core", "WU15.DesignPatterns.GenericRepository.Core\WU15.DesignPatterns.GenericRepository.Core.csproj", "{2992FC26-76C5-49A0-92AD-CB22E4C62F24}"
EndProject
Global
	GlobalSection(SolutionConfigurationPlatforms) = preSolution
		Debug|Any CPU = Debug|Any CPU
		Release|Any CPU = Release|Any CPU
	EndGlobalSection
	GlobalSection(ProjectConfigurationPlatforms) = postSolution
		{B2051294-E7F6-4CB9-BA98-0E9FB231F206}.Debug|Any CPU.ActiveCfg = Debug|Any CPU
		{B2051294-E7F6-4CB9-BA98-0E9FB231F206}.Debug|Any CPU.Build.0 = Debug|Any CPU
		{B2051294-E7F6-4CB9-BA98-0E9FB231F206}.Release|Any CPU.ActiveCfg = Release|Any CPU
		{B2051294-E7F6-4CB9-BA98-0E9FB231F206}.Release|Any CPU.Build.0 = Release|Any CPU
		{151AC16D-CD4C-426C-99D2-C155CF1613A1}.Debug|Any CPU.ActiveCfg = Debug|Any CPU
		{151AC16D-CD4C-426C-99D2-C155CF1613A1}.Debug|Any CPU.Build.0 = Debug|Any CPU
		{151AC16D-CD4C-426C-99D2-C155CF1613A1}.Release|Any CPU.ActiveCfg = Release|Any CPU
		{151AC16D-CD4C-426C-99D2-C155CF1613A1}.Release|Any CPU.Build.0 = Release|Any CPU
		{0CAAFB9C-01D1-4BA5-9514-C1FFC61AC066}.Debug|Any CPU.ActiveCfg = Debug|Any CPU
		{0CAAFB9C-01D1-4BA5-9514-C1FFC61AC066}.Debug|Any CPU.Build.0 = Debug|Any CPU
		{0CAAFB9C-01D1-4BA5-9514-C1FFC61AC066}.Release|Any CPU.ActiveCfg = Release|Any CPU
		{0CAAFB9C-01D1-4BA5-9514-C1FFC61AC066}.Release|Any CPU.Build.0 = Release|Any CPU
		{686E079A-D168-4B14-8BB6-D6A7080B8B0F}.Debug|Any CPU.ActiveCfg = Debug|Any CPU
		{686E079A-D168-4B14-8BB6-D6A7080B8B0F}.Debug|Any CPU.Build.0 = Debug|Any CPU
		{686E079A-D168-4B14-8BB6-D6A7080B8B0F}.Release|Any CPU.ActiveCfg = Release|Any CPU
		{686E079A-D168-4B14-8BB6-D6A7080B8B0F}.Release|Any CPU.Build.0 = Release|Any CPU
		{06B4943A-14E9-4CFB-9186-01AD83B0ABDE}.Debug|Any CPU.ActiveCfg = Debug|Any CPU
		{06B4943A-14E9-4CFB-9186-01AD83B0ABDE}.Debug|Any CPU.Build.0 = Debug|Any CPU
		{06B4943A-14E9-4CFB-9186-01AD83B0ABDE}.Release|Any CPU.ActiveCfg = Release|Any CPU
		{06B4943A-14E9-4CFB-9186-01AD83B0ABDE}.Release|Any CPU.Build.0 = Release|Any CPU
		{0EA3B119-2C9A-489B-BB49-E8906412AFED}.Debug|Any CPU.ActiveCfg = Debug|Any CPU
		{0EA3B119-2C9A-489B-BB49-E8906412AFED}.Debug|Any CPU.Build.0 = Debug|Any CPU
		{0EA3B119-2C9A-489B-BB49-E8906412AFED}.Release|Any CPU.ActiveCfg = Release|Any CPU
		{0EA3B119-2C9A-489B-BB49-E8906412AFED}.Release|Any CPU.Build.0 = Release|Any CPU
		{89761AAF-37C0-4DE8-9BA8-B3659280DDDB}.Debug|Any CPU.ActiveCfg = Debug|Any CPU
		{89761AAF-37C0-4DE8-9BA8-B3659280DDDB}.Debug|Any CPU.Build.0 = Debug|Any CPU
		{89761AAF-37C0-4DE8-9BA8-B3659280DDDB}.Release|Any CPU.ActiveCfg = Release|Any CPU
		{89761AAF-37C0-4DE8-9BA8-B3659280DDDB}.Release|Any CPU.Build.0 = Release|Any CPU
		{FB30ED1E-2747-4C01-B908-0EE709F54903}.Debug|Any CPU.ActiveCfg = Debug|Any CPU
		{FB30ED1E-2747-4C01-B908-0EE709F54903}.Debug|Any CPU.Build.0 = Debug|Any CPU
		{FB30ED1E-2747-4C01-B908-0EE709F54903}.Release|Any CPU.ActiveCfg = Release|Any CPU
		{FB30ED1E-2747-4C01-B908-0EE709F54903}.Release|Any CPU.Build.0 = Release|Any CPU
		{04826DCC-A211-4864-ACAD-0027DD6F1454}.Debug|Any CPU.ActiveCfg = Debug|Any CPU
		{04826DCC-A211-4864-ACAD-0027DD6F1454}.Debug|Any CPU.Build.0 = Debug|Any CPU
		{04826DCC-A211-4864-ACAD-0027DD6F1454}.Release|Any CPU.ActiveCfg = Release|Any CPU
		{04826DCC-A211-4864-ACAD-0027DD6F1454}.Release|Any CPU.Build.0 = Release|Any CPU
		{FBFE82F6-ABF0-4F34-B554-382D529A66FD}.Debug|Any CPU.ActiveCfg = Debug|Any CPU
		{FBFE82F6-ABF0-4F34-B554-382D529A66FD}.Debug|Any CPU.Build.0 = Debug|Any CPU
		{FBFE82F6-ABF0-4F34-B554-382D529A66FD}.Release|Any CPU.ActiveCfg = Release|Any CPU
		{FBFE82F6-ABF0-4F34-B554-382D529A66FD}.Release|Any CPU.Build.0 = Release|Any CPU
		{3520DF8B-3C10-4804-8CB7-DE784A4EEA61}.Debug|Any CPU.ActiveCfg = Debug|Any CPU
		{3520DF8B-3C10-4804-8CB7-DE784A4EEA61}.Debug|Any CPU.Build.0 = Debug|Any CPU
		{3520DF8B-3C10-4804-8CB7-DE784A4EEA61}.Release|Any CPU.ActiveCfg = Release|Any CPU
		{3520DF8B-3C10-4804-8CB7-DE784A4EEA61}.Release|Any CPU.Build.0 = Release|Any CPU
		{CB33E6B3-1E20-49A5-A5AF-C185E371C2B2}.Debug|Any CPU.ActiveCfg = Debug|Any CPU
		{CB33E6B3-1E20-49A5-A5AF-C185E371C2B2}.Debug|Any CPU.Build.0 = Debug|Any CPU
		{CB33E6B3-1E20-49A5-A5AF-C185E371C2B2}.Release|Any CPU.ActiveCfg = Release|Any CPU
		{CB33E6B3-1E20-49A5-A5AF-C185E371C2B2}.Release|Any CPU.Build.0 = Release|Any CPU
		{A17B31D6-1B22-4830-9BC2-1C5753A48F0D}.Debug|Any CPU.ActiveCfg = Debug|Any CPU
		{A17B31D6-1B22-4830-9BC2-1C5753A48F0D}.Debug|Any CPU.Build.0 = Debug|Any CPU
		{A17B31D6-1B22-4830-9BC2-1C5753A48F0D}.Release|Any CPU.ActiveCfg = Release|Any CPU
		{A17B31D6-1B22-4830-9BC2-1C5753A48F0D}.Release|Any CPU.Build.0 = Release|Any CPU
		{2992FC26-76C5-49A0-92AD-CB22E4C62F24}.Debug|Any CPU.ActiveCfg = Debug|Any CPU
		{2992FC26-76C5-49A0-92AD-CB22E4C62F24}.Debug|Any CPU.Build.0 = Debug|Any CPU
		{2992FC26-76C5-49A0-92AD-CB22E4C62F24}.Release|Any CPU.ActiveCfg = Release|Any CPU
		{2992FC26-76C5-49A0-92AD-CB22E4C62F24}.Release|Any CPU.Build.0 = Release|Any CPU
	EndGlobalSection
	GlobalSection(SolutionProperties) = preSolution
		HideSolutionNode = FALSE
	EndGlobalSection
EndGlobal
